
Microsoft Visual Studio Solution File, Format Version 12.00
# Visual Studio Version 16
VisualStudioVersion = 16.0.30204.135
MinimumVisualStudioVersion = 10.0.40219.1
Project("{FAE04EC0-301F-11D3-BF4B-00C04F79EFBC}") = "DailyQuotes", "DailyQuotes.csproj", "{35157517-DA28-4ED5-878F-C6AC9D9343F4}"
EndProject
Project("{54435603-DBB4-11D2-8724-00A0C9A8B90C}") = "Setup", "..\Setup1\Setup1.vdproj", "{9BCB9276-6D88-42B8-9176-D30400740495}"
EndProject
Global
	GlobalSection(SolutionConfigurationPlatforms) = preSolution
		Debug|Any CPU = Debug|Any CPU
		Release|Any CPU = Release|Any CPU
	EndGlobalSection
	GlobalSection(ProjectConfigurationPlatforms) = postSolution
		{35157517-DA28-4ED5-878F-C6AC9D9343F4}.Debug|Any CPU.ActiveCfg = Debug|Any CPU
		{35157517-DA28-4ED5-878F-C6AC9D9343F4}.Debug|Any CPU.Build.0 = Debug|Any CPU
		{35157517-DA28-4ED5-878F-C6AC9D9343F4}.Release|Any CPU.ActiveCfg = Release|Any CPU
		{35157517-DA28-4ED5-878F-C6AC9D9343F4}.Release|Any CPU.Build.0 = Release|Any CPU
		{9BCB9276-6D88-42B8-9176-D30400740495}.Debug|Any CPU.ActiveCfg = Release
		{9BCB9276-6D88-42B8-9176-D30400740495}.Release|Any CPU.ActiveCfg = Release
	EndGlobalSection
	GlobalSection(SolutionProperties) = preSolution
		HideSolutionNode = FALSE
	EndGlobalSection
	GlobalSection(ExtensibilityGlobals) = postSolution
		SolutionGuid = {88469CB9-7CA9-4BDB-862B-CA1BB0685BAF}
	EndGlobalSection
EndGlobal
